// !$*UTF8*$!
{
	archiveVersion = 1;
	classes = {
	};
	objectVersion = 48;
	objects = {

/* Begin PBXBuildFile section */
		133F2A8A2040D50200F052E8 /* main.cpp in Sources */ = {isa = PBXBuildFile; fileRef = 133F2A892040D50200F052E8 /* main.cpp */; };
		133F2A922040D53000F052E8 /* SourceDest.cpp in Sources */ = {isa = PBXBuildFile; fileRef = 133F2A902040D53000F052E8 /* SourceDest.cpp */; };
		13B1829020413FED00D0A1D1 /* dylib1.o in Frameworks */ = {isa = PBXBuildFile; fileRef = 13B1828F20413FED00D0A1D1 /* dylib1.o */; };
/* End PBXBuildFile section */

/* Begin PBXCopyFilesBuildPhase section */
		133F2A842040D50200F052E8 /* CopyFiles */ = {
			isa = PBXCopyFilesBuildPhase;
			buildActionMask = 2147483647;
			dstPath = /usr/share/man/man1/;
			dstSubfolderSpec = 0;
			files = (
			);
			runOnlyForDeploymentPostprocessing = 1;
		};
/* End PBXCopyFilesBuildPhase section */

/* Begin PBXFileReference section */
		133F2A862040D50200F052E8 /* SourceDest */ = {isa = PBXFileReference; explicitFileType = "compiled.mach-o.executable"; includeInIndex = 0; path = SourceDest; sourceTree = BUILT_PRODUCTS_DIR; };
		133F2A892040D50200F052E8 /* main.cpp */ = {isa = PBXFileReference; lastKnownFileType = sourcecode.cpp.cpp; path = main.cpp; sourceTree = "<group>"; };
		133F2A902040D53000F052E8 /* SourceDest.cpp */ = {isa = PBXFileReference; lastKnownFileType = sourcecode.cpp.cpp; path = SourceDest.cpp; sourceTree = "<group>"; };
		133F2A912040D53000F052E8 /* SourceDest.hpp */ = {isa = PBXFileReference; lastKnownFileType = sourcecode.cpp.h; path = SourceDest.hpp; sourceTree = "<group>"; };
		13B1828F20413FED00D0A1D1 /* dylib1.o */ = {isa = PBXFileReference; lastKnownFileType = "compiled.mach-o.objfile"; name = dylib1.o; path = usr/lib/dylib1.o; sourceTree = SDKROOT; };
/* End PBXFileReference section */

/* Begin PBXFrameworksBuildPhase section */
		133F2A832040D50200F052E8 /* Frameworks */ = {
			isa = PBXFrameworksBuildPhase;
			buildActionMask = 2147483647;
			files = (
				13B1829020413FED00D0A1D1 /* dylib1.o in Frameworks */,
			);
			runOnlyForDeploymentPostprocessing = 0;
		};
/* End PBXFrameworksBuildPhase section */

/* Begin PBXGroup section */
		133F2A7D2040D50200F052E8 = {
			isa = PBXGroup;
			children = (
				133F2A882040D50200F052E8 /* SourceDest */,
				133F2A872040D50200F052E8 /* Products */,
				13B1828E20413FED00D0A1D1 /* Frameworks */,
			);
			sourceTree = "<group>";
		};
		133F2A872040D50200F052E8 /* Products */ = {
			isa = PBXGroup;
			children = (
				133F2A862040D50200F052E8 /* SourceDest */,
			);
			name = Products;
			sourceTree = "<group>";
		};
		133F2A882040D50200F052E8 /* SourceDest */ = {
			isa = PBXGroup;
			children = (
				133F2A892040D50200F052E8 /* main.cpp */,
				133F2A902040D53000F052E8 /* SourceDest.cpp */,
				133F2A912040D53000F052E8 /* SourceDest.hpp */,
			);
			path = SourceDest;
			sourceTree = "<group>";
		};
		13B1828E20413FED00D0A1D1 /* Frameworks */ = {
			isa = PBXGroup;
			children = (
				13B1828F20413FED00D0A1D1 /* dylib1.o */,
			);
			name = Frameworks;
			sourceTree = "<group>";
		};
/* End PBXGroup section */

/* Begin PBXNativeTarget section */
		133F2A852040D50200F052E8 /* SourceDest */ = {
			isa = PBXNativeTarget;
			buildConfigurationList = 133F2A8D2040D50200F052E8 /* Build configuration list for PBXNativeTarget "SourceDest" */;
			buildPhases = (
				133F2A822040D50200F052E8 /* Sources */,
				133F2A832040D50200F052E8 /* Frameworks */,
				133F2A842040D50200F052E8 /* CopyFiles */,
			);
			buildRules = (
			);
			dependencies = (
			);
			name = SourceDest;
			productName = SourceDest;
			productReference = 133F2A862040D50200F052E8 /* SourceDest */;
			productType = "com.apple.product-type.tool";
		};
/* End PBXNativeTarget section */

/* Begin PBXProject section */
		133F2A7E2040D50200F052E8 /* Project object */ = {
			isa = PBXProject;
			attributes = {
				LastUpgradeCheck = 0920;
				ORGANIZATIONNAME = com.tapas;
				TargetAttributes = {
					133F2A852040D50200F052E8 = {
						CreatedOnToolsVersion = 9.2;
						ProvisioningStyle = Automatic;
					};
				};
			};
			buildConfigurationList = 133F2A812040D50200F052E8 /* Build configuration list for PBXProject "SourceDest" */;
			compatibilityVersion = "Xcode 8.0";
			developmentRegion = en;
			hasScannedForEncodings = 0;
			knownRegions = (
				en,
			);
			mainGroup = 133F2A7D2040D50200F052E8;
			productRefGroup = 133F2A872040D50200F052E8 /* Products */;
			projectDirPath = "";
			projectRoot = "";
			targets = (
				133F2A852040D50200F052E8 /* SourceDest */,
			);
		};
/* End PBXProject section */

/* Begin PBXSourcesBuildPhase section */
		133F2A822040D50200F052E8 /* Sources */ = {
			isa = PBXSourcesBuildPhase;
			buildActionMask = 2147483647;
			files = (
				133F2A922040D53000F052E8 /* SourceDest.cpp in Sources */,
				133F2A8A2040D50200F052E8 /* main.cpp in Sources */,
			);
			runOnlyForDeploymentPostprocessing = 0;
		};
/* End PBXSourcesBuildPhase section */

/* Begin XCBuildConfiguration section */
		133F2A8B2040D50200F052E8 /* Debug */ = {
			isa = XCBuildConfiguration;
			buildSettings = {
				ALWAYS_SEARCH_USER_PATHS = NO;
				CLANG_ANALYZER_NONNULL = YES;
				CLANG_ANALYZER_NUMBER_OBJECT_CONVERSION = YES_AGGRESSIVE;
				CLANG_CXX_LANGUAGE_STANDARD = "gnu++14";
				CLANG_CXX_LIBRARY = "libc++";
				CLANG_ENABLE_MODULES = YES;
				CLANG_ENABLE_OBJC_ARC = YES;
				CLANG_WARN_BLOCK_CAPTURE_AUTORELEASING = YES;
				CLANG_WARN_BOOL_CONVERSION = YES;
				CLANG_WARN_COMMA = YES;
				CLANG_WARN_CONSTANT_CONVERSION = YES;
				CLANG_WARN_DIRECT_OBJC_ISA_USAGE = YES_ERROR;
				CLANG_WARN_DOCUMENTATION_COMMENTS = YES;
				CLANG_WARN_EMPTY_BODY = YES;
				CLANG_WARN_ENUM_CONVERSION = YES;
				CLANG_WARN_INFINITE_RECURSION = YES;
				CLANG_WARN_INT_CONVERSION = YES;
				CLANG_WARN_NON_LITERAL_NULL_CONVERSION = YES;
				CLANG_WARN_OBJC_LITERAL_CONVERSION = YES;
				CLANG_WARN_OBJC_ROOT_CLASS = YES_ERROR;
				CLANG_WARN_RANGE_LOOP_ANALYSIS = YES;
				CLANG_WARN_STRICT_PROTOTYPES = YES;
				CLANG_WARN_SUSPICIOUS_MOVE = YES;
				CLANG_WARN_UNGUARDED_AVAILABILITY = YES_AGGRESSIVE;
				CLANG_WARN_UNREACHABLE_CODE = YES;
				CLANG_WARN__DUPLICATE_METHOD_MATCH = YES;
				CODE_SIGN_IDENTITY = "Mac Developer";
				COPY_PHASE_STRIP = NO;
				DEBUG_INFORMATION_FORMAT = dwarf;
				ENABLE_STRICT_OBJC_MSGSEND = YES;
				ENABLE_TESTABILITY = YES;
				GCC_C_LANGUAGE_STANDARD = gnu11;
				GCC_DYNAMIC_NO_PIC = NO;
				GCC_NO_COMMON_BLOCKS = YES;
				GCC_OPTIMIZATION_LEVEL = 0;
				GCC_PREPROCESSOR_DEFINITIONS = (
					"DEBUG=1",
					"$(inherited)",
				);
				GCC_WARN_64_TO_32_BIT_CONVERSION = YES;
				GCC_WARN_ABOUT_RETURN_TYPE = YES_ERROR;
				GCC_WARN_UNDECLARED_SELECTOR = YES;
				GCC_WARN_UNINITIALIZED_AUTOS = YES_AGGRESSIVE;
				GCC_WARN_UNUSED_FUNCTION = YES;
				GCC_WARN_UNUSED_VARIABLE = YES;
				MACOSX_DEPLOYMENT_TARGET = 10.13;
				MTL_ENABLE_DEBUG_INFO = YES;
				ONLY_ACTIVE_ARCH = YES;
				SDKROOT = macosx;
			};
			name = Debug;
		};
		133F2A8C2040D50200F052E8 /* Release */ = {
			isa = XCBuildConfiguration;
			buildSettings = {
				ALWAYS_SEARCH_USER_PATHS = NO;
				CLANG_ANALYZER_NONNULL = YES;
				CLANG_ANALYZER_NUMBER_OBJECT_CONVERSION = YES_AGGRESSIVE;
				CLANG_CXX_LANGUAGE_STANDARD = "gnu++14";
				CLANG_CXX_LIBRARY = "libc++";
				CLANG_ENABLE_MODULES = YES;
				CLANG_ENABLE_OBJC_ARC = YES;
				CLANG_WARN_BLOCK_CAPTURE_AUTORELEASING = YES;
				CLANG_WARN_BOOL_CONVERSION = YES;
				CLANG_WARN_COMMA = YES;
				CLANG_WARN_CONSTANT_CONVERSION = YES;
				CLANG_WARN_DIRECT_OBJC_ISA_USAGE = YES_ERROR;
				CLANG_WARN_DOCUMENTATION_COMMENTS = YES;
				CLANG_WARN_EMPTY_BODY = YES;
				CLANG_WARN_ENUM_CONVERSION = YES;
				CLANG_WARN_INFINITE_RECURSION = YES;
				CLANG_WARN_INT_CONVERSION = YES;
				CLANG_WARN_NON_LITERAL_NULL_CONVERSION = YES;
				CLANG_WARN_OBJC_LITERAL_CONVERSION = YES;
				CLANG_WARN_OBJC_ROOT_CLASS = YES_ERROR;
				CLANG_WARN_RANGE_LOOP_ANALYSIS = YES;
				CLANG_WARN_STRICT_PROTOTYPES = YES;
				CLANG_WARN_SUSPICIOUS_MOVE = YES;
				CLANG_WARN_UNGUARDED_AVAILABILITY = YES_AGGRESSIVE;
				CLANG_WARN_UNREACHABLE_CODE = YES;
				CLANG_WARN__DUPLICATE_METHOD_MATCH = YES;
				CODE_SIGN_IDENTITY = "Mac Developer";
				COPY_PHASE_STRIP = NO;
				DEBUG_INFORMATION_FORMAT = "dwarf-with-dsym";
				ENABLE_NS_ASSERTIONS = NO;
				ENABLE_STRICT_OBJC_MSGSEND = YES;
				GCC_C_LANGUAGE_STANDARD = gnu11;
				GCC_NO_COMMON_BLOCKS = YES;
				GCC_WARN_64_TO_32_BIT_CONVERSION = YES;
				GCC_WARN_ABOUT_RETURN_TYPE = YES_ERROR;
				GCC_WARN_UNDECLARED_SELECTOR = YES;
				GCC_WARN_UNINITIALIZED_AUTOS = YES_AGGRESSIVE;
				GCC_WARN_UNUSED_FUNCTION = YES;
				GCC_WARN_UNUSED_VARIABLE = YES;
				MACOSX_DEPLOYMENT_TARGET = 10.13;
				MTL_ENABLE_DEBUG_INFO = NO;
				SDKROOT = macosx;
			};
			name = Release;
		};
		133F2A8E2040D50200F052E8 /* Debug */ = {
			isa = XCBuildConfiguration;
			buildSettings = {
				CODE_SIGN_STYLE = Automatic;
				DEVELOPMENT_TEAM = G899FW3VHH;
				PRODUCT_NAME = "$(TARGET_NAME)";
			};
			name = Debug;
		};
		133F2A8F2040D50200F052E8 /* Release */ = {
			isa = XCBuildConfiguration;
			buildSettings = {
				CODE_SIGN_STYLE = Automatic;
				DEVELOPMENT_TEAM = G899FW3VHH;
				PRODUCT_NAME = "$(TARGET_NAME)";
			};
			name = Release;
		};
/* End XCBuildConfiguration section */

/* Begin XCConfigurationList section */
		133F2A812040D50200F052E8 /* Build configuration list for PBXProject "SourceDest" */ = {
			isa = XCConfigurationList;
			buildConfigurations = (
				133F2A8B2040D50200F052E8 /* Debug */,
				133F2A8C2040D50200F052E8 /* Release */,
			);
			defaultConfigurationIsVisible = 0;
			defaultConfigurationName = Release;
		};
		133F2A8D2040D50200F052E8 /* Build configuration list for PBXNativeTarget "SourceDest" */ = {
			isa = XCConfigurationList;
			buildConfigurations = (
				133F2A8E2040D50200F052E8 /* Debug */,
				133F2A8F2040D50200F052E8 /* Release */,
			);
			defaultConfigurationIsVisible = 0;
			defaultConfigurationName = Release;
		};
/* End XCConfigurationList section */
	};
	rootObject = 133F2A7E2040D50200F052E8 /* Project object */;
}
